// !$*UTF8*$!
{
	archiveVersion = 1;
	classes = {
	};
	objectVersion = 55;
	objects = {

/* Begin PBXBuildFile section */
		F24693F328250B7B008AE22C /* AppDelegate.swift in Sources */ = {isa = PBXBuildFile; fileRef = F24693F228250B7B008AE22C /* AppDelegate.swift */; };
		F24693F528250B7B008AE22C /* SceneDelegate.swift in Sources */ = {isa = PBXBuildFile; fileRef = F24693F428250B7B008AE22C /* SceneDelegate.swift */; };
		F24693F728250B7B008AE22C /* WebHostViewController.swift in Sources */ = {isa = PBXBuildFile; fileRef = F24693F628250B7B008AE22C /* WebHostViewController.swift */; };
		F24693FA28250B7B008AE22C /* Main.storyboard in Resources */ = {isa = PBXBuildFile; fileRef = F24693F828250B7B008AE22C /* Main.storyboard */; };
		F24693FC28250B7B008AE22C /* Assets.xcassets in Resources */ = {isa = PBXBuildFile; fileRef = F24693FB28250B7B008AE22C /* Assets.xcassets */; };
		F24693FF28250B7B008AE22C /* LaunchScreen.storyboard in Resources */ = {isa = PBXBuildFile; fileRef = F24693FD28250B7B008AE22C /* LaunchScreen.storyboard */; };
		F246941428250BC2008AE22C /* WebHostView.swift in Sources */ = {isa = PBXBuildFile; fileRef = F246941328250BC2008AE22C /* WebHostView.swift */; };
		F246941628250C6C008AE22C /* example.html in Resources */ = {isa = PBXBuildFile; fileRef = F246941528250C6C008AE22C /* example.html */; };
		F246941828250DC7008AE22C /* WebHostViewControllerTests.swift in Sources */ = {isa = PBXBuildFile; fileRef = F246941728250DC7008AE22C /* WebHostViewControllerTests.swift */; };
/* End PBXBuildFile section */

/* Begin PBXContainerItemProxy section */
		F246940E28250B8C008AE22C /* PBXContainerItemProxy */ = {
			isa = PBXContainerItemProxy;
			containerPortal = F24693E728250B7B008AE22C /* Project object */;
			proxyType = 1;
			remoteGlobalIDString = F24693EE28250B7B008AE22C;
			remoteInfo = WebViewTestsDemo;
		};
/* End PBXContainerItemProxy section */

/* Begin PBXFileReference section */
		F24693EF28250B7B008AE22C /* WebViewTestsDemo.app */ = {isa = PBXFileReference; explicitFileType = wrapper.application; includeInIndex = 0; path = WebViewTestsDemo.app; sourceTree = BUILT_PRODUCTS_DIR; };
		F24693F228250B7B008AE22C /* AppDelegate.swift */ = {isa = PBXFileReference; lastKnownFileType = sourcecode.swift; path = AppDelegate.swift; sourceTree = "<group>"; };
		F24693F428250B7B008AE22C /* SceneDelegate.swift */ = {isa = PBXFileReference; lastKnownFileType = sourcecode.swift; path = SceneDelegate.swift; sourceTree = "<group>"; };
		F24693F628250B7B008AE22C /* WebHostViewController.swift */ = {isa = PBXFileReference; lastKnownFileType = sourcecode.swift; path = WebHostViewController.swift; sourceTree = "<group>"; };
		F24693F928250B7B008AE22C /* Base */ = {isa = PBXFileReference; lastKnownFileType = file.storyboard; name = Base; path = Base.lproj/Main.storyboard; sourceTree = "<group>"; };
		F24693FB28250B7B008AE22C /* Assets.xcassets */ = {isa = PBXFileReference; lastKnownFileType = folder.assetcatalog; path = Assets.xcassets; sourceTree = "<group>"; };
		F24693FE28250B7B008AE22C /* Base */ = {isa = PBXFileReference; lastKnownFileType = file.storyboard; name = Base; path = Base.lproj/LaunchScreen.storyboard; sourceTree = "<group>"; };
		F246940028250B7B008AE22C /* Info.plist */ = {isa = PBXFileReference; lastKnownFileType = text.plist.xml; path = Info.plist; sourceTree = "<group>"; };
		F246940A28250B8C008AE22C /* WebViewTestsDemoTests.xctest */ = {isa = PBXFileReference; explicitFileType = wrapper.cfbundle; includeInIndex = 0; path = WebViewTestsDemoTests.xctest; sourceTree = BUILT_PRODUCTS_DIR; };
		F246941328250BC2008AE22C /* WebHostView.swift */ = {isa = PBXFileReference; lastKnownFileType = sourcecode.swift; path = WebHostView.swift; sourceTree = "<group>"; };
		F246941528250C6C008AE22C /* example.html */ = {isa = PBXFileReference; lastKnownFileType = text.html; path = example.html; sourceTree = "<group>"; };
		F246941728250DC7008AE22C /* WebHostViewControllerTests.swift */ = {isa = PBXFileReference; lastKnownFileType = sourcecode.swift; path = WebHostViewControllerTests.swift; sourceTree = "<group>"; };
/* End PBXFileReference section */

/* Begin PBXFrameworksBuildPhase section */
		F24693EC28250B7B008AE22C /* Frameworks */ = {
			isa = PBXFrameworksBuildPhase;
			buildActionMask = 2147483647;
			files = (
			);
			runOnlyForDeploymentPostprocessing = 0;
		};
		F246940728250B8C008AE22C /* Frameworks */ = {
			isa = PBXFrameworksBuildPhase;
			buildActionMask = 2147483647;
			files = (
			);
			runOnlyForDeploymentPostprocessing = 0;
		};
/* End PBXFrameworksBuildPhase section */

/* Begin PBXGroup section */
		F24693E628250B7B008AE22C = {
			isa = PBXGroup;
			children = (
				F24693F128250B7B008AE22C /* WebViewTestsDemo */,
				F246940B28250B8C008AE22C /* WebViewTestsDemoTests */,
				F24693F028250B7B008AE22C /* Products */,
			);
			sourceTree = "<group>";
		};
		F24693F028250B7B008AE22C /* Products */ = {
			isa = PBXGroup;
			children = (
				F24693EF28250B7B008AE22C /* WebViewTestsDemo.app */,
				F246940A28250B8C008AE22C /* WebViewTestsDemoTests.xctest */,
			);
			name = Products;
			sourceTree = "<group>";
		};
		F24693F128250B7B008AE22C /* WebViewTestsDemo */ = {
			isa = PBXGroup;
			children = (
				F24693F228250B7B008AE22C /* AppDelegate.swift */,
				F24693F428250B7B008AE22C /* SceneDelegate.swift */,
				F24693F628250B7B008AE22C /* WebHostViewController.swift */,
				F246941328250BC2008AE22C /* WebHostView.swift */,
				F246941528250C6C008AE22C /* example.html */,
				F24693F828250B7B008AE22C /* Main.storyboard */,
				F24693FB28250B7B008AE22C /* Assets.xcassets */,
				F24693FD28250B7B008AE22C /* LaunchScreen.storyboard */,
				F246940028250B7B008AE22C /* Info.plist */,
			);
			path = WebViewTestsDemo;
			sourceTree = "<group>";
		};
		F246940B28250B8C008AE22C /* WebViewTestsDemoTests */ = {
			isa = PBXGroup;
			children = (
				F246941728250DC7008AE22C /* WebHostViewControllerTests.swift */,
			);
			path = WebViewTestsDemoTests;
			sourceTree = "<group>";
		};
/* End PBXGroup section */

/* Begin PBXNativeTarget section */
		F24693EE28250B7B008AE22C /* WebViewTestsDemo */ = {
			isa = PBXNativeTarget;
			buildConfigurationList = F246940328250B7B008AE22C /* Build configuration list for PBXNativeTarget "WebViewTestsDemo" */;
			buildPhases = (
				F24693EB28250B7B008AE22C /* Sources */,
				F24693EC28250B7B008AE22C /* Frameworks */,
				F24693ED28250B7B008AE22C /* Resources */,
			);
			buildRules = (
			);
			dependencies = (
			);
			name = WebViewTestsDemo;
			productName = WebViewTestsDemo;
			productReference = F24693EF28250B7B008AE22C /* WebViewTestsDemo.app */;
			productType = "com.apple.product-type.application";
		};
		F246940928250B8C008AE22C /* WebViewTestsDemoTests */ = {
			isa = PBXNativeTarget;
			buildConfigurationList = F246941028250B8C008AE22C /* Build configuration list for PBXNativeTarget "WebViewTestsDemoTests" */;
			buildPhases = (
				F246940628250B8C008AE22C /* Sources */,
				F246940728250B8C008AE22C /* Frameworks */,
				F246940828250B8C008AE22C /* Resources */,
			);
			buildRules = (
			);
			dependencies = (
				F246940F28250B8C008AE22C /* PBXTargetDependency */,
			);
			name = WebViewTestsDemoTests;
			productName = WebViewTestsDemoTests;
			productReference = F246940A28250B8C008AE22C /* WebViewTestsDemoTests.xctest */;
			productType = "com.apple.product-type.bundle.unit-test";
		};
/* End PBXNativeTarget section */

/* Begin PBXProject section */
		F24693E728250B7B008AE22C /* Project object */ = {
			isa = PBXProject;
			attributes = {
				BuildIndependentTargetsInParallel = 1;
				LastSwiftUpdateCheck = 1330;
				LastUpgradeCheck = 1330;
				TargetAttributes = {
					F24693EE28250B7B008AE22C = {
						CreatedOnToolsVersion = 13.3;
					};
					F246940928250B8C008AE22C = {
						CreatedOnToolsVersion = 13.3;
						TestTargetID = F24693EE28250B7B008AE22C;
					};
				};
			};
			buildConfigurationList = F24693EA28250B7B008AE22C /* Build configuration list for PBXProject "WebViewTestsDemo" */;
			compatibilityVersion = "Xcode 13.0";
			developmentRegion = en;
			hasScannedForEncodings = 0;
			knownRegions = (
				en,
				Base,
			);
			mainGroup = F24693E628250B7B008AE22C;
			productRefGroup = F24693F028250B7B008AE22C /* Products */;
			projectDirPath = "";
			projectRoot = "";
			targets = (
				F24693EE28250B7B008AE22C /* WebViewTestsDemo */,
				F246940928250B8C008AE22C /* WebViewTestsDemoTests */,
			);
		};
/* End PBXProject section */

/* Begin PBXResourcesBuildPhase section */
		F24693ED28250B7B008AE22C /* Resources */ = {
			isa = PBXResourcesBuildPhase;
			buildActionMask = 2147483647;
			files = (
				F24693FF28250B7B008AE22C /* LaunchScreen.storyboard in Resources */,
				F24693FC28250B7B008AE22C /* Assets.xcassets in Resources */,
				F24693FA28250B7B008AE22C /* Main.storyboard in Resources */,
				F246941628250C6C008AE22C /* example.html in Resources */,
			);
			runOnlyForDeploymentPostprocessing = 0;
		};
		F246940828250B8C008AE22C /* Resources */ = {
			isa = PBXResourcesBuildPhase;
			buildActionMask = 2147483647;
			files = (
			);
			runOnlyForDeploymentPostprocessing = 0;
		};
/* End PBXResourcesBuildPhase section */

/* Begin PBXSourcesBuildPhase section */
		F24693EB28250B7B008AE22C /* Sources */ = {
			isa = PBXSourcesBuildPhase;
			buildActionMask = 2147483647;
			files = (
				F24693F728250B7B008AE22C /* WebHostViewController.swift in Sources */,
				F24693F328250B7B008AE22C /* AppDelegate.swift in Sources */,
				F24693F528250B7B008AE22C /* SceneDelegate.swift in Sources */,
				F246941428250BC2008AE22C /* WebHostView.swift in Sources */,
			);
			runOnlyForDeploymentPostprocessing = 0;
		};
		F246940628250B8C008AE22C /* Sources */ = {
			isa = PBXSourcesBuildPhase;
			buildActionMask = 2147483647;
			files = (
				F246941828250DC7008AE22C /* WebHostViewControllerTests.swift in Sources */,
			);
			runOnlyForDeploymentPostprocessing = 0;
		};
/* End PBXSourcesBuildPhase section */

/* Begin PBXTargetDependency section */
		F246940F28250B8C008AE22C /* PBXTargetDependency */ = {
			isa = PBXTargetDependency;
			target = F24693EE28250B7B008AE22C /* WebViewTestsDemo */;
			targetProxy = F246940E28250B8C008AE22C /* PBXContainerItemProxy */;
		};
/* End PBXTargetDependency section */

/* Begin PBXVariantGroup section */
		F24693F828250B7B008AE22C /* Main.storyboard */ = {
			isa = PBXVariantGroup;
			children = (
				F24693F928250B7B008AE22C /* Base */,
			);
			name = Main.storyboard;
			sourceTree = "<group>";
		};
		F24693FD28250B7B008AE22C /* LaunchScreen.storyboard */ = {
			isa = PBXVariantGroup;
			children = (
				F24693FE28250B7B008AE22C /* Base */,
			);
			name = LaunchScreen.storyboard;
			sourceTree = "<group>";
		};
/* End PBXVariantGroup section */

/* Begin XCBuildConfiguration section */
		F246940128250B7B008AE22C /* Debug */ = {
			isa = XCBuildConfiguration;
			buildSettings = {
				ALWAYS_SEARCH_USER_PATHS = NO;
				CLANG_ANALYZER_NONNULL = YES;
				CLANG_ANALYZER_NUMBER_OBJECT_CONVERSION = YES_AGGRESSIVE;
				CLANG_CXX_LANGUAGE_STANDARD = "gnu++17";
				CLANG_ENABLE_MODULES = YES;
				CLANG_ENABLE_OBJC_ARC = YES;
				CLANG_ENABLE_OBJC_WEAK = YES;
				CLANG_WARN_BLOCK_CAPTURE_AUTORELEASING = YES;
				CLANG_WARN_BOOL_CONVERSION = YES;
				CLANG_WARN_COMMA = YES;
				CLANG_WARN_CONSTANT_CONVERSION = YES;
				CLANG_WARN_DEPRECATED_OBJC_IMPLEMENTATIONS = YES;
				CLANG_WARN_DIRECT_OBJC_ISA_USAGE = YES_ERROR;
				CLANG_WARN_DOCUMENTATION_COMMENTS = YES;
				CLANG_WARN_EMPTY_BODY = YES;
				CLANG_WARN_ENUM_CONVERSION = YES;
				CLANG_WARN_INFINITE_RECURSION = YES;
				CLANG_WARN_INT_CONVERSION = YES;
				CLANG_WARN_NON_LITERAL_NULL_CONVERSION = YES;
				CLANG_WARN_OBJC_IMPLICIT_RETAIN_SELF = YES;
				CLANG_WARN_OBJC_LITERAL_CONVERSION = YES;
				CLANG_WARN_OBJC_ROOT_CLASS = YES_ERROR;
				CLANG_WARN_QUOTED_INCLUDE_IN_FRAMEWORK_HEADER = YES;
				CLANG_WARN_RANGE_LOOP_ANALYSIS = YES;
				CLANG_WARN_STRICT_PROTOTYPES = YES;
				CLANG_WARN_SUSPICIOUS_MOVE = YES;
				CLANG_WARN_UNGUARDED_AVAILABILITY = YES_AGGRESSIVE;
				CLANG_WARN_UNREACHABLE_CODE = YES;
				CLANG_WARN__DUPLICATE_METHOD_MATCH = YES;
				COPY_PHASE_STRIP = NO;
				DEBUG_INFORMATION_FORMAT = dwarf;
				ENABLE_STRICT_OBJC_MSGSEND = YES;
				ENABLE_TESTABILITY = YES;
				GCC_C_LANGUAGE_STANDARD = gnu11;
				GCC_DYNAMIC_NO_PIC = NO;
				GCC_NO_COMMON_BLOCKS = YES;
				GCC_OPTIMIZATION_LEVEL = 0;
				GCC_PREPROCESSOR_DEFINITIONS = (
					"DEBUG=1",
					"$(inherited)",
				);
				GCC_WARN_64_TO_32_BIT_CONVERSION = YES;
				GCC_WARN_ABOUT_RETURN_TYPE = YES_ERROR;
				GCC_WARN_UNDECLARED_SELECTOR = YES;
				GCC_WARN_UNINITIALIZED_AUTOS = YES_AGGRESSIVE;
				GCC_WARN_UNUSED_FUNCTION = YES;
				GCC_WARN_UNUSED_VARIABLE = YES;
				IPHONEOS_DEPLOYMENT_TARGET = 15.4;
				MTL_ENABLE_DEBUG_INFO = INCLUDE_SOURCE;
				MTL_FAST_MATH = YES;
				ONLY_ACTIVE_ARCH = YES;
				SDKROOT = iphoneos;
				SWIFT_ACTIVE_COMPILATION_CONDITIONS = DEBUG;
				SWIFT_OPTIMIZATION_LEVEL = "-Onone";
			};
			name = Debug;
		};
		F246940228250B7B008AE22C /* Release */ = {
			isa = XCBuildConfiguration;
			buildSettings = {
				ALWAYS_SEARCH_USER_PATHS = NO;
				CLANG_ANALYZER_NONNULL = YES;
				CLANG_ANALYZER_NUMBER_OBJECT_CONVERSION = YES_AGGRESSIVE;
				CLANG_CXX_LANGUAGE_STANDARD = "gnu++17";
				CLANG_ENABLE_MODULES = YES;
				CLANG_ENABLE_OBJC_ARC = YES;
				CLANG_ENABLE_OBJC_WEAK = YES;
				CLANG_WARN_BLOCK_CAPTURE_AUTORELEASING = YES;
				CLANG_WARN_BOOL_CONVERSION = YES;
				CLANG_WARN_COMMA = YES;
				CLANG_WARN_CONSTANT_CONVERSION = YES;
				CLANG_WARN_DEPRECATED_OBJC_IMPLEMENTATIONS = YES;
				CLANG_WARN_DIRECT_OBJC_ISA_USAGE = YES_ERROR;
				CLANG_WARN_DOCUMENTATION_COMMENTS = YES;
				CLANG_WARN_EMPTY_BODY = YES;
				CLANG_WARN_ENUM_CONVERSION = YES;
				CLANG_WARN_INFINITE_RECURSION = YES;
				CLANG_WARN_INT_CONVERSION = YES;
				CLANG_WARN_NON_LITERAL_NULL_CONVERSION = YES;
				CLANG_WARN_OBJC_IMPLICIT_RETAIN_SELF = YES;
				CLANG_WARN_OBJC_LITERAL_CONVERSION = YES;
				CLANG_WARN_OBJC_ROOT_CLASS = YES_ERROR;
				CLANG_WARN_QUOTED_INCLUDE_IN_FRAMEWORK_HEADER = YES;
				CLANG_WARN_RANGE_LOOP_ANALYSIS = YES;
				CLANG_WARN_STRICT_PROTOTYPES = YES;
				CLANG_WARN_SUSPICIOUS_MOVE = YES;
				CLANG_WARN_UNGUARDED_AVAILABILITY = YES_AGGRESSIVE;
				CLANG_WARN_UNREACHABLE_CODE = YES;
				CLANG_WARN__DUPLICATE_METHOD_MATCH = YES;
				COPY_PHASE_STRIP = NO;
				DEBUG_INFORMATION_FORMAT = "dwarf-with-dsym";
				ENABLE_NS_ASSERTIONS = NO;
				ENABLE_STRICT_OBJC_MSGSEND = YES;
				GCC_C_LANGUAGE_STANDARD = gnu11;
				GCC_NO_COMMON_BLOCKS = YES;
				GCC_WARN_64_TO_32_BIT_CONVERSION = YES;
				GCC_WARN_ABOUT_RETURN_TYPE = YES_ERROR;
				GCC_WARN_UNDECLARED_SELECTOR = YES;
				GCC_WARN_UNINITIALIZED_AUTOS = YES_AGGRESSIVE;
				GCC_WARN_UNUSED_FUNCTION = YES;
				GCC_WARN_UNUSED_VARIABLE = YES;
				IPHONEOS_DEPLOYMENT_TARGET = 15.4;
				MTL_ENABLE_DEBUG_INFO = NO;
				MTL_FAST_MATH = YES;
				SDKROOT = iphoneos;
				SWIFT_COMPILATION_MODE = wholemodule;
				SWIFT_OPTIMIZATION_LEVEL = "-O";
				VALIDATE_PRODUCT = YES;
			};
			name = Release;
		};
		F246940428250B7B008AE22C /* Debug */ = {
			isa = XCBuildConfiguration;
			buildSettings = {
				ASSETCATALOG_COMPILER_APPICON_NAME = AppIcon;
				ASSETCATALOG_COMPILER_GLOBAL_ACCENT_COLOR_NAME = AccentColor;
				CODE_SIGN_STYLE = Automatic;
				CURRENT_PROJECT_VERSION = 1;
				DEVELOPMENT_TEAM = Q6PD97MRX4;
				GENERATE_INFOPLIST_FILE = YES;
				INFOPLIST_FILE = WebViewTestsDemo/Info.plist;
				INFOPLIST_KEY_UIApplicationSupportsIndirectInputEvents = YES;
				INFOPLIST_KEY_UILaunchStoryboardName = LaunchScreen;
				INFOPLIST_KEY_UIMainStoryboardFile = Main;
				INFOPLIST_KEY_UISupportedInterfaceOrientations_iPad = "UIInterfaceOrientationPortrait UIInterfaceOrientationPortraitUpsideDown UIInterfaceOrientationLandscapeLeft UIInterfaceOrientationLandscapeRight";
				INFOPLIST_KEY_UISupportedInterfaceOrientations_iPhone = "UIInterfaceOrientationPortrait UIInterfaceOrientationLandscapeLeft UIInterfaceOrientationLandscapeRight";
				LD_RUNPATH_SEARCH_PATHS = (
					"$(inherited)",
					"@executable_path/Frameworks",
				);
				MARKETING_VERSION = 1.0;
				PRODUCT_BUNDLE_IDENTIFIER = de.dasdom.WebViewTestsDemo;
				PRODUCT_NAME = "$(TARGET_NAME)";
				SWIFT_EMIT_LOC_STRINGS = YES;
				SWIFT_VERSION = 5.0;
				TARGETED_DEVICE_FAMILY = "1,2";
			};
			name = Debug;
		};
		F246940528250B7B008AE22C /* Release */ = {
			isa = XCBuildConfiguration;
			buildSettings = {
				ASSETCATALOG_COMPILER_APPICON_NAME = AppIcon;
				ASSETCATALOG_COMPILER_GLOBAL_ACCENT_COLOR_NAME = AccentColor;
				CODE_SIGN_STYLE = Automatic;
				CURRENT_PROJECT_VERSION = 1;
				DEVELOPMENT_TEAM = Q6PD97MRX4;
				GENERATE_INFOPLIST_FILE = YES;
				INFOPLIST_FILE = WebViewTestsDemo/Info.plist;
				INFOPLIST_KEY_UIApplicationSupportsIndirectInputEvents = YES;
				INFOPLIST_KEY_UILaunchStoryboardName = LaunchScreen;
				INFOPLIST_KEY_UIMainStoryboardFile = Main;
				INFOPLIST_KEY_UISupportedInterfaceOrientations_iPad = "UIInterfaceOrientationPortrait UIInterfaceOrientationPortraitUpsideDown UIInterfaceOrientationLandscapeLeft UIInterfaceOrientationLandscapeRight";
				INFOPLIST_KEY_UISupportedInterfaceOrientations_iPhone = "UIInterfaceOrientationPortrait UIInterfaceOrientationLandscapeLeft UIInterfaceOrientationLandscapeRight";
				LD_RUNPATH_SEARCH_PATHS = (
					"$(inherited)",
					"@executable_path/Frameworks",
				);
				MARKETING_VERSION = 1.0;
				PRODUCT_BUNDLE_IDENTIFIER = de.dasdom.WebViewTestsDemo;
				PRODUCT_NAME = "$(TARGET_NAME)";
				SWIFT_EMIT_LOC_STRINGS = YES;
				SWIFT_VERSION = 5.0;
				TARGETED_DEVICE_FAMILY = "1,2";
			};
			name = Release;
		};
		F246941128250B8C008AE22C /* Debug */ = {
			isa = XCBuildConfiguration;
			buildSettings = {
				BUNDLE_LOADER = "$(TEST_HOST)";
				CODE_SIGN_STYLE = Automatic;
				CURRENT_PROJECT_VERSION = 1;
				DEVELOPMENT_TEAM = Q6PD97MRX4;
				GENERATE_INFOPLIST_FILE = YES;
				MARKETING_VERSION = 1.0;
				PRODUCT_BUNDLE_IDENTIFIER = de.dasdom.WebViewTestsDemoTests;
				PRODUCT_NAME = "$(TARGET_NAME)";
				SWIFT_EMIT_LOC_STRINGS = NO;
				SWIFT_VERSION = 5.0;
				TARGETED_DEVICE_FAMILY = "1,2";
				TEST_HOST = "$(BUILT_PRODUCTS_DIR)/WebViewTestsDemo.app/WebViewTestsDemo";
			};
			name = Debug;
		};
		F246941228250B8C008AE22C /* Release */ = {
			isa = XCBuildConfiguration;
			buildSettings = {
				BUNDLE_LOADER = "$(TEST_HOST)";
				CODE_SIGN_STYLE = Automatic;
				CURRENT_PROJECT_VERSION = 1;
				DEVELOPMENT_TEAM = Q6PD97MRX4;
				GENERATE_INFOPLIST_FILE = YES;
				MARKETING_VERSION = 1.0;
				PRODUCT_BUNDLE_IDENTIFIER = de.dasdom.WebViewTestsDemoTests;
				PRODUCT_NAME = "$(TARGET_NAME)";
				SWIFT_EMIT_LOC_STRINGS = NO;
				SWIFT_VERSION = 5.0;
				TARGETED_DEVICE_FAMILY = "1,2";
				TEST_HOST = "$(BUILT_PRODUCTS_DIR)/WebViewTestsDemo.app/WebViewTestsDemo";
			};
			name = Release;
		};
/* End XCBuildConfiguration section */

/* Begin XCConfigurationList section */
		F24693EA28250B7B008AE22C /* Build configuration list for PBXProject "WebViewTestsDemo" */ = {
			isa = XCConfigurationList;
			buildConfigurations = (
				F246940128250B7B008AE22C /* Debug */,
				F246940228250B7B008AE22C /* Release */,
			);
			defaultConfigurationIsVisible = 0;
			defaultConfigurationName = Release;
		};
		F246940328250B7B008AE22C /* Build configuration list for PBXNativeTarget "WebViewTestsDemo" */ = {
			isa = XCConfigurationList;
			buildConfigurations = (
				F246940428250B7B008AE22C /* Debug */,
				F246940528250B7B008AE22C /* Release */,
			);
			defaultConfigurationIsVisible = 0;
			defaultConfigurationName = Release;
		};
		F246941028250B8C008AE22C /* Build configuration list for PBXNativeTarget "WebViewTestsDemoTests" */ = {
			isa = XCConfigurationList;
			buildConfigurations = (
				F246941128250B8C008AE22C /* Debug */,
				F246941228250B8C008AE22C /* Release */,
			);
			defaultConfigurationIsVisible = 0;
			defaultConfigurationName = Release;
		};
/* End XCConfigurationList section */
	};
	rootObject = F24693E728250B7B008AE22C /* Project object */;
}
